
Microsoft Visual Studio Solution File, Format Version 12.00
# Visual Studio Version 16
VisualStudioVersion = 16.0.30717.126
MinimumVisualStudioVersion = 10.0.40219.1
Project("{FAE04EC0-301F-11D3-BF4B-00C04F79EFBC}") = "mysch_web", "mysch_web\mysch_web.csproj", "{A5295BA1-C508-415D-A3BD-D9863DC1516C}"
EndProject
Global
	GlobalSection(SolutionConfigurationPlatforms) = preSolution
		Debug|Any CPU = Debug|Any CPU
		Release|Any CPU = Release|Any CPU
	EndGlobalSection
	GlobalSection(ProjectConfigurationPlatforms) = postSolution
		{A5295BA1-C508-415D-A3BD-D9863DC1516C}.Debug|Any CPU.ActiveCfg = Debug|Any CPU
		{A5295BA1-C508-415D-A3BD-D9863DC1516C}.Debug|Any CPU.Build.0 = Debug|Any CPU
		{A5295BA1-C508-415D-A3BD-D9863DC1516C}.Release|Any CPU.ActiveCfg = Release|Any CPU
		{A5295BA1-C508-415D-A3BD-D9863DC1516C}.Release|Any CPU.Build.0 = Release|Any CPU
	EndGlobalSection
	GlobalSection(SolutionProperties) = preSolution
		HideSolutionNode = FALSE
	EndGlobalSection
	GlobalSection(ExtensibilityGlobals) = postSolution
		SolutionGuid = {CFC7E522-C298-4F7F-B32D-48040F1C871C}
	EndGlobalSection
EndGlobal
